
Microsoft Visual Studio Solution File, Format Version 12.00
# Visual Studio Version 16
VisualStudioVersion = 16.0.28803.352
MinimumVisualStudioVersion = 10.0.40219.1
Project("{9A19103F-16F7-4668-BE54-9A1E7A4F7556}") = "SteganographyLibrary", "SteganographyLibrary\SteganographyLibrary.csproj", "{CC09E568-578D-4A83-8376-3312EFD57083}"
EndProject
Project("{9A19103F-16F7-4668-BE54-9A1E7A4F7556}") = "SteganographyLibrary.Tests", "SteganographyLibrary.Tests\SteganographyLibrary.Tests.csproj", "{108A5E30-801B-4BBD-A984-14C887B63DEA}"
EndProject
Project("{2150E333-8FDC-42A3-9474-1A3956D46DE8}") = "Solution Items", "Solution Items", "{D9CE504F-AEF5-496F-BB41-639A7B4FDA8D}"
	ProjectSection(SolutionItems) = preProject
		.editorconfig = .editorconfig
		README.md = README.md
	EndProjectSection
EndProject
Global
	GlobalSection(SolutionConfigurationPlatforms) = preSolution
		Debug|Any CPU = Debug|Any CPU
		Release|Any CPU = Release|Any CPU
	EndGlobalSection
	GlobalSection(ProjectConfigurationPlatforms) = postSolution
		{CC09E568-578D-4A83-8376-3312EFD57083}.Debug|Any CPU.ActiveCfg = Debug|Any CPU
		{CC09E568-578D-4A83-8376-3312EFD57083}.Debug|Any CPU.Build.0 = Debug|Any CPU
		{CC09E568-578D-4A83-8376-3312EFD57083}.Release|Any CPU.ActiveCfg = Release|Any CPU
		{CC09E568-578D-4A83-8376-3312EFD57083}.Release|Any CPU.Build.0 = Release|Any CPU
		{108A5E30-801B-4BBD-A984-14C887B63DEA}.Debug|Any CPU.ActiveCfg = Debug|Any CPU
		{108A5E30-801B-4BBD-A984-14C887B63DEA}.Debug|Any CPU.Build.0 = Debug|Any CPU
		{108A5E30-801B-4BBD-A984-14C887B63DEA}.Release|Any CPU.ActiveCfg = Release|Any CPU
		{108A5E30-801B-4BBD-A984-14C887B63DEA}.Release|Any CPU.Build.0 = Release|Any CPU
	EndGlobalSection
	GlobalSection(SolutionProperties) = preSolution
		HideSolutionNode = FALSE
	EndGlobalSection
	GlobalSection(ExtensibilityGlobals) = postSolution
		SolutionGuid = {6E9C6F14-CA17-439C-B670-CA61E13791EC}
	EndGlobalSection
EndGlobal
